
Microsoft Visual Studio Solution File, Format Version 12.00
# Visual Studio Version 17
VisualStudioVersion = 17.0.31611.283
MinimumVisualStudioVersion = 10.0.40219.1
Project("{9A19103F-16F7-4668-BE54-9A1E7A4F7556}") = "MauiApp1", "MauiPickerFocusIssue\MauiApp1.csproj", "{804508E3-35C7-4DB4-8843-461AD653622B}"
EndProject
Global
	GlobalSection(SolutionConfigurationPlatforms) = preSolution
		Debug|Any CPU = Debug|Any CPU
		Release|Any CPU = Release|Any CPU
	EndGlobalSection
	GlobalSection(ProjectConfigurationPlatforms) = postSolution
		{804508E3-35C7-4DB4-8843-461AD653622B}.Debug|Any CPU.ActiveCfg = Debug|Any CPU
		{804508E3-35C7-4DB4-8843-461AD653622B}.Debug|Any CPU.Build.0 = Debug|Any CPU
		{804508E3-35C7-4DB4-8843-461AD653622B}.Debug|Any CPU.Deploy.0 = Debug|Any CPU
		{804508E3-35C7-4DB4-8843-461AD653622B}.Release|Any CPU.ActiveCfg = Release|Any CPU
		{804508E3-35C7-4DB4-8843-461AD653622B}.Release|Any CPU.Build.0 = Release|Any CPU
		{804508E3-35C7-4DB4-8843-461AD653622B}.Release|Any CPU.Deploy.0 = Release|Any CPU
		{60DA30A2-BD07-4883-B1BE-1F5BF1ECAB77}.Debug|Any CPU.ActiveCfg = Debug|Any CPU
		{60DA30A2-BD07-4883-B1BE-1F5BF1ECAB77}.Debug|Any CPU.Build.0 = Debug|Any CPU
		{60DA30A2-BD07-4883-B1BE-1F5BF1ECAB77}.Release|Any CPU.ActiveCfg = Release|Any CPU
		{60DA30A2-BD07-4883-B1BE-1F5BF1ECAB77}.Release|Any CPU.Build.0 = Release|Any CPU
	EndGlobalSection
	GlobalSection(SolutionProperties) = preSolution
		HideSolutionNode = FALSE
	EndGlobalSection
	GlobalSection(ExtensibilityGlobals) = postSolution
		SolutionGuid = {61F7FB11-1E47-470C-91E2-47F8143E1572}
	EndGlobalSection
EndGlobal
